// !$*UTF8*$!
{
	archiveVersion = 1;
	classes = {
	};
	objectVersion = 46;
	objects = {

/* Begin PBXBuildFile section */
		B2BDE44A1569B219002B6EE8 /* UIKit.framework in Frameworks */ = {isa = PBXBuildFile; fileRef = B2BDE4491569B219002B6EE8 /* UIKit.framework */; };
		B2BDE44C1569B219002B6EE8 /* Foundation.framework in Frameworks */ = {isa = PBXBuildFile; fileRef = B2BDE44B1569B219002B6EE8 /* Foundation.framework */; };
		B2BDE44E1569B219002B6EE8 /* CoreGraphics.framework in Frameworks */ = {isa = PBXBuildFile; fileRef = B2BDE44D1569B219002B6EE8 /* CoreGraphics.framework */; };
		B2BDE4501569B219002B6EE8 /* CoreData.framework in Frameworks */ = {isa = PBXBuildFile; fileRef = B2BDE44F1569B219002B6EE8 /* CoreData.framework */; };
		B2BDE4561569B219002B6EE8 /* InfoPlist.strings in Resources */ = {isa = PBXBuildFile; fileRef = B2BDE4541569B219002B6EE8 /* InfoPlist.strings */; };
		B2BDE4581569B219002B6EE8 /* main.m in Sources */ = {isa = PBXBuildFile; fileRef = B2BDE4571569B219002B6EE8 /* main.m */; };
		B2BDE45C1569B219002B6EE8 /* AppDelegate.m in Sources */ = {isa = PBXBuildFile; fileRef = B2BDE45B1569B219002B6EE8 /* AppDelegate.m */; };
		B2BDE45F1569B219002B6EE8 /* WebViewProperties.xcdatamodeld in Sources */ = {isa = PBXBuildFile; fileRef = B2BDE45D1569B219002B6EE8 /* WebViewProperties.xcdatamodeld */; };
		B2BDE4671569B219002B6EE8 /* SenTestingKit.framework in Frameworks */ = {isa = PBXBuildFile; fileRef = B2BDE4661569B219002B6EE8 /* SenTestingKit.framework */; };
		B2BDE4681569B219002B6EE8 /* UIKit.framework in Frameworks */ = {isa = PBXBuildFile; fileRef = B2BDE4491569B219002B6EE8 /* UIKit.framework */; };
		B2BDE4691569B219002B6EE8 /* Foundation.framework in Frameworks */ = {isa = PBXBuildFile; fileRef = B2BDE44B1569B219002B6EE8 /* Foundation.framework */; };
		B2BDE46A1569B219002B6EE8 /* CoreData.framework in Frameworks */ = {isa = PBXBuildFile; fileRef = B2BDE44F1569B219002B6EE8 /* CoreData.framework */; };
		B2BDE4721569B219002B6EE8 /* InfoPlist.strings in Resources */ = {isa = PBXBuildFile; fileRef = B2BDE4701569B219002B6EE8 /* InfoPlist.strings */; };
		B2BDE4751569B219002B6EE8 /* WebViewPropertiesTests.m in Sources */ = {isa = PBXBuildFile; fileRef = B2BDE4741569B219002B6EE8 /* WebViewPropertiesTests.m */; };
/* End PBXBuildFile section */

/* Begin PBXContainerItemProxy section */
		B2BDE46B1569B219002B6EE8 /* PBXContainerItemProxy */ = {
			isa = PBXContainerItemProxy;
			containerPortal = B2BDE43C1569B219002B6EE8 /* Project object */;
			proxyType = 1;
			remoteGlobalIDString = B2BDE4441569B219002B6EE8;
			remoteInfo = WebViewProperties;
		};
/* End PBXContainerItemProxy section */

/* Begin PBXFileReference section */
		B2BDE4451569B219002B6EE8 /* WebViewProperties.app */ = {isa = PBXFileReference; explicitFileType = wrapper.application; includeInIndex = 0; path = WebViewProperties.app; sourceTree = BUILT_PRODUCTS_DIR; };
		B2BDE4491569B219002B6EE8 /* UIKit.framework */ = {isa = PBXFileReference; lastKnownFileType = wrapper.framework; name = UIKit.framework; path = System/Library/Frameworks/UIKit.framework; sourceTree = SDKROOT; };
		B2BDE44B1569B219002B6EE8 /* Foundation.framework */ = {isa = PBXFileReference; lastKnownFileType = wrapper.framework; name = Foundation.framework; path = System/Library/Frameworks/Foundation.framework; sourceTree = SDKROOT; };
		B2BDE44D1569B219002B6EE8 /* CoreGraphics.framework */ = {isa = PBXFileReference; lastKnownFileType = wrapper.framework; name = CoreGraphics.framework; path = System/Library/Frameworks/CoreGraphics.framework; sourceTree = SDKROOT; };
		B2BDE44F1569B219002B6EE8 /* CoreData.framework */ = {isa = PBXFileReference; lastKnownFileType = wrapper.framework; name = CoreData.framework; path = System/Library/Frameworks/CoreData.framework; sourceTree = SDKROOT; };
		B2BDE4531569B219002B6EE8 /* WebViewProperties-Info.plist */ = {isa = PBXFileReference; lastKnownFileType = text.plist.xml; path = "WebViewProperties-Info.plist"; sourceTree = "<group>"; };
		B2BDE4551569B219002B6EE8 /* en */ = {isa = PBXFileReference; lastKnownFileType = text.plist.strings; name = en; path = en.lproj/InfoPlist.strings; sourceTree = "<group>"; };
		B2BDE4571569B219002B6EE8 /* main.m */ = {isa = PBXFileReference; lastKnownFileType = sourcecode.c.objc; path = main.m; sourceTree = "<group>"; };
		B2BDE4591569B219002B6EE8 /* WebViewProperties-Prefix.pch */ = {isa = PBXFileReference; lastKnownFileType = sourcecode.c.h; path = "WebViewProperties-Prefix.pch"; sourceTree = "<group>"; };
		B2BDE45A1569B219002B6EE8 /* AppDelegate.h */ = {isa = PBXFileReference; lastKnownFileType = sourcecode.c.h; path = AppDelegate.h; sourceTree = "<group>"; };
		B2BDE45B1569B219002B6EE8 /* AppDelegate.m */ = {isa = PBXFileReference; lastKnownFileType = sourcecode.c.objc; path = AppDelegate.m; sourceTree = "<group>"; };
		B2BDE45E1569B219002B6EE8 /* WebViewProperties.xcdatamodel */ = {isa = PBXFileReference; lastKnownFileType = wrapper.xcdatamodel; path = WebViewProperties.xcdatamodel; sourceTree = "<group>"; };
		B2BDE4651569B219002B6EE8 /* WebViewPropertiesTests.octest */ = {isa = PBXFileReference; explicitFileType = wrapper.cfbundle; includeInIndex = 0; path = WebViewPropertiesTests.octest; sourceTree = BUILT_PRODUCTS_DIR; };
		B2BDE4661569B219002B6EE8 /* SenTestingKit.framework */ = {isa = PBXFileReference; lastKnownFileType = wrapper.framework; name = SenTestingKit.framework; path = Library/Frameworks/SenTestingKit.framework; sourceTree = DEVELOPER_DIR; };
		B2BDE46F1569B219002B6EE8 /* WebViewPropertiesTests-Info.plist */ = {isa = PBXFileReference; lastKnownFileType = text.plist.xml; path = "WebViewPropertiesTests-Info.plist"; sourceTree = "<group>"; };
		B2BDE4711569B219002B6EE8 /* en */ = {isa = PBXFileReference; lastKnownFileType = text.plist.strings; name = en; path = en.lproj/InfoPlist.strings; sourceTree = "<group>"; };
		B2BDE4731569B219002B6EE8 /* WebViewPropertiesTests.h */ = {isa = PBXFileReference; lastKnownFileType = sourcecode.c.h; path = WebViewPropertiesTests.h; sourceTree = "<group>"; };
		B2BDE4741569B219002B6EE8 /* WebViewPropertiesTests.m */ = {isa = PBXFileReference; lastKnownFileType = sourcecode.c.objc; path = WebViewPropertiesTests.m; sourceTree = "<group>"; };
/* End PBXFileReference section */

/* Begin PBXFrameworksBuildPhase section */
		B2BDE4421569B219002B6EE8 /* Frameworks */ = {
			isa = PBXFrameworksBuildPhase;
			buildActionMask = 2147483647;
			files = (
				B2BDE44A1569B219002B6EE8 /* UIKit.framework in Frameworks */,
				B2BDE44C1569B219002B6EE8 /* Foundation.framework in Frameworks */,
				B2BDE44E1569B219002B6EE8 /* CoreGraphics.framework in Frameworks */,
				B2BDE4501569B219002B6EE8 /* CoreData.framework in Frameworks */,
			);
			runOnlyForDeploymentPostprocessing = 0;
		};
		B2BDE4611569B219002B6EE8 /* Frameworks */ = {
			isa = PBXFrameworksBuildPhase;
			buildActionMask = 2147483647;
			files = (
				B2BDE4671569B219002B6EE8 /* SenTestingKit.framework in Frameworks */,
				B2BDE4681569B219002B6EE8 /* UIKit.framework in Frameworks */,
				B2BDE4691569B219002B6EE8 /* Foundation.framework in Frameworks */,
				B2BDE46A1569B219002B6EE8 /* CoreData.framework in Frameworks */,
			);
			runOnlyForDeploymentPostprocessing = 0;
		};
/* End PBXFrameworksBuildPhase section */

/* Begin PBXGroup section */
		B2BDE43A1569B219002B6EE8 = {
			isa = PBXGroup;
			children = (
				B2BDE4511569B219002B6EE8 /* WebViewProperties */,
				B2BDE46D1569B219002B6EE8 /* WebViewPropertiesTests */,
				B2BDE4481569B219002B6EE8 /* Frameworks */,
				B2BDE4461569B219002B6EE8 /* Products */,
			);
			sourceTree = "<group>";
		};
		B2BDE4461569B219002B6EE8 /* Products */ = {
			isa = PBXGroup;
			children = (
				B2BDE4451569B219002B6EE8 /* WebViewProperties.app */,
				B2BDE4651569B219002B6EE8 /* WebViewPropertiesTests.octest */,
			);
			name = Products;
			sourceTree = "<group>";
		};
		B2BDE4481569B219002B6EE8 /* Frameworks */ = {
			isa = PBXGroup;
			children = (
				B2BDE4491569B219002B6EE8 /* UIKit.framework */,
				B2BDE44B1569B219002B6EE8 /* Foundation.framework */,
				B2BDE44D1569B219002B6EE8 /* CoreGraphics.framework */,
				B2BDE44F1569B219002B6EE8 /* CoreData.framework */,
				B2BDE4661569B219002B6EE8 /* SenTestingKit.framework */,
			);
			name = Frameworks;
			sourceTree = "<group>";
		};
		B2BDE4511569B219002B6EE8 /* WebViewProperties */ = {
			isa = PBXGroup;
			children = (
				B2BDE45A1569B219002B6EE8 /* AppDelegate.h */,
				B2BDE45B1569B219002B6EE8 /* AppDelegate.m */,
				B2BDE45D1569B219002B6EE8 /* WebViewProperties.xcdatamodeld */,
				B2BDE4521569B219002B6EE8 /* Supporting Files */,
			);
			path = WebViewProperties;
			sourceTree = "<group>";
		};
		B2BDE4521569B219002B6EE8 /* Supporting Files */ = {
			isa = PBXGroup;
			children = (
				B2BDE4531569B219002B6EE8 /* WebViewProperties-Info.plist */,
				B2BDE4541569B219002B6EE8 /* InfoPlist.strings */,
				B2BDE4571569B219002B6EE8 /* main.m */,
				B2BDE4591569B219002B6EE8 /* WebViewProperties-Prefix.pch */,
			);
			name = "Supporting Files";
			sourceTree = "<group>";
		};
		B2BDE46D1569B219002B6EE8 /* WebViewPropertiesTests */ = {
			isa = PBXGroup;
			children = (
				B2BDE4731569B219002B6EE8 /* WebViewPropertiesTests.h */,
				B2BDE4741569B219002B6EE8 /* WebViewPropertiesTests.m */,
				B2BDE46E1569B219002B6EE8 /* Supporting Files */,
			);
			path = WebViewPropertiesTests;
			sourceTree = "<group>";
		};
		B2BDE46E1569B219002B6EE8 /* Supporting Files */ = {
			isa = PBXGroup;
			children = (
				B2BDE46F1569B219002B6EE8 /* WebViewPropertiesTests-Info.plist */,
				B2BDE4701569B219002B6EE8 /* InfoPlist.strings */,
			);
			name = "Supporting Files";
			sourceTree = "<group>";
		};
/* End PBXGroup section */

/* Begin PBXNativeTarget section */
		B2BDE4441569B219002B6EE8 /* WebViewProperties */ = {
			isa = PBXNativeTarget;
			buildConfigurationList = B2BDE4781569B219002B6EE8 /* Build configuration list for PBXNativeTarget "WebViewProperties" */;
			buildPhases = (
				B2BDE4411569B219002B6EE8 /* Sources */,
				B2BDE4421569B219002B6EE8 /* Frameworks */,
				B2BDE4431569B219002B6EE8 /* Resources */,
			);
			buildRules = (
			);
			dependencies = (
			);
			name = WebViewProperties;
			productName = WebViewProperties;
			productReference = B2BDE4451569B219002B6EE8 /* WebViewProperties.app */;
			productType = "com.apple.product-type.application";
		};
		B2BDE4641569B219002B6EE8 /* WebViewPropertiesTests */ = {
			isa = PBXNativeTarget;
			buildConfigurationList = B2BDE47B1569B219002B6EE8 /* Build configuration list for PBXNativeTarget "WebViewPropertiesTests" */;
			buildPhases = (
				B2BDE4601569B219002B6EE8 /* Sources */,
				B2BDE4611569B219002B6EE8 /* Frameworks */,
				B2BDE4621569B219002B6EE8 /* Resources */,
				B2BDE4631569B219002B6EE8 /* ShellScript */,
			);
			buildRules = (
			);
			dependencies = (
				B2BDE46C1569B219002B6EE8 /* PBXTargetDependency */,
			);
			name = WebViewPropertiesTests;
			productName = WebViewPropertiesTests;
			productReference = B2BDE4651569B219002B6EE8 /* WebViewPropertiesTests.octest */;
			productType = "com.apple.product-type.bundle";
		};
/* End PBXNativeTarget section */

/* Begin PBXProject section */
		B2BDE43C1569B219002B6EE8 /* Project object */ = {
			isa = PBXProject;
			attributes = {
				LastUpgradeCheck = 0420;
				ORGANIZATIONNAME = "Developmental Applications";
			};
			buildConfigurationList = B2BDE43F1569B219002B6EE8 /* Build configuration list for PBXProject "WebViewProperties" */;
			compatibilityVersion = "Xcode 3.2";
			developmentRegion = English;
			hasScannedForEncodings = 0;
			knownRegions = (
				en,
			);
			mainGroup = B2BDE43A1569B219002B6EE8;
			productRefGroup = B2BDE4461569B219002B6EE8 /* Products */;
			projectDirPath = "";
			projectRoot = "";
			targets = (
				B2BDE4441569B219002B6EE8 /* WebViewProperties */,
				B2BDE4641569B219002B6EE8 /* WebViewPropertiesTests */,
			);
		};
/* End PBXProject section */

/* Begin PBXResourcesBuildPhase section */
		B2BDE4431569B219002B6EE8 /* Resources */ = {
			isa = PBXResourcesBuildPhase;
			buildActionMask = 2147483647;
			files = (
				B2BDE4561569B219002B6EE8 /* InfoPlist.strings in Resources */,
			);
			runOnlyForDeploymentPostprocessing = 0;
		};
		B2BDE4621569B219002B6EE8 /* Resources */ = {
			isa = PBXResourcesBuildPhase;
			buildActionMask = 2147483647;
			files = (
				B2BDE4721569B219002B6EE8 /* InfoPlist.strings in Resources */,
			);
			runOnlyForDeploymentPostprocessing = 0;
		};
/* End PBXResourcesBuildPhase section */

/* Begin PBXShellScriptBuildPhase section */
		B2BDE4631569B219002B6EE8 /* ShellScript */ = {
			isa = PBXShellScriptBuildPhase;
			buildActionMask = 2147483647;
			files = (
			);
			inputPaths = (
			);
			outputPaths = (
			);
			runOnlyForDeploymentPostprocessing = 0;
			shellPath = /bin/sh;
			shellScript = "# Run the unit tests in this test bundle.\n\"${SYSTEM_DEVELOPER_DIR}/Tools/RunUnitTests\"\n";
		};
/* End PBXShellScriptBuildPhase section */

/* Begin PBXSourcesBuildPhase section */
		B2BDE4411569B219002B6EE8 /* Sources */ = {
			isa = PBXSourcesBuildPhase;
			buildActionMask = 2147483647;
			files = (
				B2BDE4581569B219002B6EE8 /* main.m in Sources */,
				B2BDE45C1569B219002B6EE8 /* AppDelegate.m in Sources */,
				B2BDE45F1569B219002B6EE8 /* WebViewProperties.xcdatamodeld in Sources */,
			);
			runOnlyForDeploymentPostprocessing = 0;
		};
		B2BDE4601569B219002B6EE8 /* Sources */ = {
			isa = PBXSourcesBuildPhase;
			buildActionMask = 2147483647;
			files = (
				B2BDE4751569B219002B6EE8 /* WebViewPropertiesTests.m in Sources */,
			);
			runOnlyForDeploymentPostprocessing = 0;
		};
/* End PBXSourcesBuildPhase section */

/* Begin PBXTargetDependency section */
		B2BDE46C1569B219002B6EE8 /* PBXTargetDependency */ = {
			isa = PBXTargetDependency;
			target = B2BDE4441569B219002B6EE8 /* WebViewProperties */;
			targetProxy = B2BDE46B1569B219002B6EE8 /* PBXContainerItemProxy */;
		};
/* End PBXTargetDependency section */

/* Begin PBXVariantGroup section */
		B2BDE4541569B219002B6EE8 /* InfoPlist.strings */ = {
			isa = PBXVariantGroup;
			children = (
				B2BDE4551569B219002B6EE8 /* en */,
			);
			name = InfoPlist.strings;
			sourceTree = "<group>";
		};
		B2BDE4701569B219002B6EE8 /* InfoPlist.strings */ = {
			isa = PBXVariantGroup;
			children = (
				B2BDE4711569B219002B6EE8 /* en */,
			);
			name = InfoPlist.strings;
			sourceTree = "<group>";
		};
/* End PBXVariantGroup section */

/* Begin XCBuildConfiguration section */
		B2BDE4761569B219002B6EE8 /* Debug */ = {
			isa = XCBuildConfiguration;
			buildSettings = {
				ALWAYS_SEARCH_USER_PATHS = NO;
				ARCHS = "$(ARCHS_STANDARD_32_BIT)";
				CLANG_ENABLE_OBJC_ARC = YES;
				"CODE_SIGN_IDENTITY[sdk=iphoneos*]" = "iPhone Developer";
				COPY_PHASE_STRIP = NO;
				GCC_C_LANGUAGE_STANDARD = gnu99;
				GCC_DYNAMIC_NO_PIC = NO;
				GCC_OPTIMIZATION_LEVEL = 0;
				GCC_PREPROCESSOR_DEFINITIONS = (
					"DEBUG=1",
					"$(inherited)",
				);
				GCC_SYMBOLS_PRIVATE_EXTERN = NO;
				GCC_VERSION = com.apple.compilers.llvm.clang.1_0;
				GCC_WARN_ABOUT_MISSING_PROTOTYPES = YES;
				GCC_WARN_ABOUT_RETURN_TYPE = YES;
				GCC_WARN_UNUSED_VARIABLE = YES;
				IPHONEOS_DEPLOYMENT_TARGET = 5.0;
				SDKROOT = iphoneos;
				TARGETED_DEVICE_FAMILY = "1,2";
			};
			name = Debug;
		};
		B2BDE4771569B219002B6EE8 /* Release */ = {
			isa = XCBuildConfiguration;
			buildSettings = {
				ALWAYS_SEARCH_USER_PATHS = NO;
				ARCHS = "$(ARCHS_STANDARD_32_BIT)";
				CLANG_ENABLE_OBJC_ARC = YES;
				"CODE_SIGN_IDENTITY[sdk=iphoneos*]" = "iPhone Developer";
				COPY_PHASE_STRIP = YES;
				GCC_C_LANGUAGE_STANDARD = gnu99;
				GCC_VERSION = com.apple.compilers.llvm.clang.1_0;
				GCC_WARN_ABOUT_MISSING_PROTOTYPES = YES;
				GCC_WARN_ABOUT_RETURN_TYPE = YES;
				GCC_WARN_UNUSED_VARIABLE = YES;
				IPHONEOS_DEPLOYMENT_TARGET = 5.0;
				OTHER_CFLAGS = "-DNS_BLOCK_ASSERTIONS=1";
				SDKROOT = iphoneos;
				TARGETED_DEVICE_FAMILY = "1,2";
				VALIDATE_PRODUCT = YES;
			};
			name = Release;
		};
		B2BDE4791569B219002B6EE8 /* Debug */ = {
			isa = XCBuildConfiguration;
			buildSettings = {
				GCC_PRECOMPILE_PREFIX_HEADER = YES;
				GCC_PREFIX_HEADER = "WebViewProperties/WebViewProperties-Prefix.pch";
				INFOPLIST_FILE = "WebViewProperties/WebViewProperties-Info.plist";
				PRODUCT_NAME = "$(TARGET_NAME)";
				WRAPPER_EXTENSION = app;
			};
			name = Debug;
		};
		B2BDE47A1569B219002B6EE8 /* Release */ = {
			isa = XCBuildConfiguration;
			buildSettings = {
				GCC_PRECOMPILE_PREFIX_HEADER = YES;
				GCC_PREFIX_HEADER = "WebViewProperties/WebViewProperties-Prefix.pch";
				INFOPLIST_FILE = "WebViewProperties/WebViewProperties-Info.plist";
				PRODUCT_NAME = "$(TARGET_NAME)";
				WRAPPER_EXTENSION = app;
			};
			name = Release;
		};
		B2BDE47C1569B219002B6EE8 /* Debug */ = {
			isa = XCBuildConfiguration;
			buildSettings = {
				BUNDLE_LOADER = "$(BUILT_PRODUCTS_DIR)/WebViewProperties.app/WebViewProperties";
				FRAMEWORK_SEARCH_PATHS = (
					"$(SDKROOT)/Developer/Library/Frameworks",
					"$(DEVELOPER_LIBRARY_DIR)/Frameworks",
				);
				GCC_PRECOMPILE_PREFIX_HEADER = YES;
				GCC_PREFIX_HEADER = "WebViewProperties/WebViewProperties-Prefix.pch";
				INFOPLIST_FILE = "WebViewPropertiesTests/WebViewPropertiesTests-Info.plist";
				PRODUCT_NAME = "$(TARGET_NAME)";
				TEST_HOST = "$(BUNDLE_LOADER)";
				WRAPPER_EXTENSION = octest;
			};
			name = Debug;
		};
		B2BDE47D1569B219002B6EE8 /* Release */ = {
			isa = XCBuildConfiguration;
			buildSettings = {
				BUNDLE_LOADER = "$(BUILT_PRODUCTS_DIR)/WebViewProperties.app/WebViewProperties";
				FRAMEWORK_SEARCH_PATHS = (
					"$(SDKROOT)/Developer/Library/Frameworks",
					"$(DEVELOPER_LIBRARY_DIR)/Frameworks",
				);
				GCC_PRECOMPILE_PREFIX_HEADER = YES;
				GCC_PREFIX_HEADER = "WebViewProperties/WebViewProperties-Prefix.pch";
				INFOPLIST_FILE = "WebViewPropertiesTests/WebViewPropertiesTests-Info.plist";
				PRODUCT_NAME = "$(TARGET_NAME)";
				TEST_HOST = "$(BUNDLE_LOADER)";
				WRAPPER_EXTENSION = octest;
			};
			name = Release;
		};
/* End XCBuildConfiguration section */

/* Begin XCConfigurationList section */
		B2BDE43F1569B219002B6EE8 /* Build configuration list for PBXProject "WebViewProperties" */ = {
			isa = XCConfigurationList;
			buildConfigurations = (
				B2BDE4761569B219002B6EE8 /* Debug */,
				B2BDE4771569B219002B6EE8 /* Release */,
			);
			defaultConfigurationIsVisible = 0;
			defaultConfigurationName = Release;
		};
		B2BDE4781569B219002B6EE8 /* Build configuration list for PBXNativeTarget "WebViewProperties" */ = {
			isa = XCConfigurationList;
			buildConfigurations = (
				B2BDE4791569B219002B6EE8 /* Debug */,
				B2BDE47A1569B219002B6EE8 /* Release */,
			);
			defaultConfigurationIsVisible = 0;
		};
		B2BDE47B1569B219002B6EE8 /* Build configuration list for PBXNativeTarget "WebViewPropertiesTests" */ = {
			isa = XCConfigurationList;
			buildConfigurations = (
				B2BDE47C1569B219002B6EE8 /* Debug */,
				B2BDE47D1569B219002B6EE8 /* Release */,
			);
			defaultConfigurationIsVisible = 0;
		};
/* End XCConfigurationList section */

/* Begin XCVersionGroup section */
		B2BDE45D1569B219002B6EE8 /* WebViewProperties.xcdatamodeld */ = {
			isa = XCVersionGroup;
			children = (
				B2BDE45E1569B219002B6EE8 /* WebViewProperties.xcdatamodel */,
			);
			currentVersion = B2BDE45E1569B219002B6EE8 /* WebViewProperties.xcdatamodel */;
			path = WebViewProperties.xcdatamodeld;
			sourceTree = "<group>";
			versionGroupType = wrapper.xcdatamodel;
		};
/* End XCVersionGroup section */
	};
	rootObject = B2BDE43C1569B219002B6EE8 /* Project object */;
}
